// !$*UTF8*$!
{
	archiveVersion = 1;
	classes = {
	};
	objectVersion = 55;
	objects = {

/* Begin PBXBuildFile section */
		ED562BBF27F395CA002AE1B5 /* MainApp.swift in Sources */ = {isa = PBXBuildFile; fileRef = ED562BBE27F395CA002AE1B5 /* MainApp.swift */; };
		ED562BC127F395CA002AE1B5 /* FruitsHomeView.swift in Sources */ = {isa = PBXBuildFile; fileRef = ED562BC027F395CA002AE1B5 /* FruitsHomeView.swift */; };
		ED562BC327F395CC002AE1B5 /* Assets.xcassets in Resources */ = {isa = PBXBuildFile; fileRef = ED562BC227F395CC002AE1B5 /* Assets.xcassets */; };
		ED562BC627F395CC002AE1B5 /* Preview Assets.xcassets in Resources */ = {isa = PBXBuildFile; fileRef = ED562BC527F395CC002AE1B5 /* Preview Assets.xcassets */; };
		ED562BCE27F4EE96002AE1B5 /* CoreDataContainer.xcdatamodeld in Sources */ = {isa = PBXBuildFile; fileRef = ED562BCC27F4EE96002AE1B5 /* CoreDataContainer.xcdatamodeld */; };
		ED562BD327F792D4002AE1B5 /* FruitsViewModel.swift in Sources */ = {isa = PBXBuildFile; fileRef = ED562BD227F792D4002AE1B5 /* FruitsViewModel.swift */; };
		ED562BD527F79314002AE1B5 /* Fruit.swift in Sources */ = {isa = PBXBuildFile; fileRef = ED562BD427F79314002AE1B5 /* Fruit.swift */; };
		ED562BD827F7935E002AE1B5 /* Extension.swift in Sources */ = {isa = PBXBuildFile; fileRef = ED562BD727F7935E002AE1B5 /* Extension.swift */; };
		ED562BDB27F7956C002AE1B5 /* BaseFruits.swift in Sources */ = {isa = PBXBuildFile; fileRef = ED562BDA27F7956C002AE1B5 /* BaseFruits.swift */; };
		ED562BDE27F7967D002AE1B5 /* CoreDataManager.swift in Sources */ = {isa = PBXBuildFile; fileRef = ED562BDD27F7967D002AE1B5 /* CoreDataManager.swift */; };
		ED562BE027F79FC4002AE1B5 /* LandingView.swift in Sources */ = {isa = PBXBuildFile; fileRef = ED562BDF27F79FC4002AE1B5 /* LandingView.swift */; };
		ED562BE227F7A560002AE1B5 /* ElectronicsHomeView.swift in Sources */ = {isa = PBXBuildFile; fileRef = ED562BE127F7A560002AE1B5 /* ElectronicsHomeView.swift */; };
		ED562BE427F7A6EF002AE1B5 /* Product.swift in Sources */ = {isa = PBXBuildFile; fileRef = ED562BE327F7A6EF002AE1B5 /* Product.swift */; };
		ED562BE627F7A720002AE1B5 /* ElectronicsViewModel.swift in Sources */ = {isa = PBXBuildFile; fileRef = ED562BE527F7A720002AE1B5 /* ElectronicsViewModel.swift */; };
		ED562BE827F7A781002AE1B5 /* BaseElectronics.swift in Sources */ = {isa = PBXBuildFile; fileRef = ED562BE727F7A781002AE1B5 /* BaseElectronics.swift */; };
/* End PBXBuildFile section */

/* Begin PBXFileReference section */
		ED562BBB27F395CA002AE1B5 /* CoreDataFundamentals.app */ = {isa = PBXFileReference; explicitFileType = wrapper.application; includeInIndex = 0; path = CoreDataFundamentals.app; sourceTree = BUILT_PRODUCTS_DIR; };
		ED562BBE27F395CA002AE1B5 /* MainApp.swift */ = {isa = PBXFileReference; lastKnownFileType = sourcecode.swift; path = MainApp.swift; sourceTree = "<group>"; };
		ED562BC027F395CA002AE1B5 /* FruitsHomeView.swift */ = {isa = PBXFileReference; lastKnownFileType = sourcecode.swift; path = FruitsHomeView.swift; sourceTree = "<group>"; };
		ED562BC227F395CC002AE1B5 /* Assets.xcassets */ = {isa = PBXFileReference; lastKnownFileType = folder.assetcatalog; path = Assets.xcassets; sourceTree = "<group>"; };
		ED562BC527F395CC002AE1B5 /* Preview Assets.xcassets */ = {isa = PBXFileReference; lastKnownFileType = folder.assetcatalog; path = "Preview Assets.xcassets"; sourceTree = "<group>"; };
		ED562BCD27F4EE96002AE1B5 /* FruitsContainer.xcdatamodel */ = {isa = PBXFileReference; lastKnownFileType = wrapper.xcdatamodel; path = FruitsContainer.xcdatamodel; sourceTree = "<group>"; };
		ED562BD227F792D4002AE1B5 /* FruitsViewModel.swift */ = {isa = PBXFileReference; lastKnownFileType = sourcecode.swift; path = FruitsViewModel.swift; sourceTree = "<group>"; };
		ED562BD427F79314002AE1B5 /* Fruit.swift */ = {isa = PBXFileReference; lastKnownFileType = sourcecode.swift; path = Fruit.swift; sourceTree = "<group>"; };
		ED562BD727F7935E002AE1B5 /* Extension.swift */ = {isa = PBXFileReference; lastKnownFileType = sourcecode.swift; path = Extension.swift; sourceTree = "<group>"; };
		ED562BDA27F7956C002AE1B5 /* BaseFruits.swift */ = {isa = PBXFileReference; lastKnownFileType = sourcecode.swift; path = BaseFruits.swift; sourceTree = "<group>"; };
		ED562BDD27F7967D002AE1B5 /* CoreDataManager.swift */ = {isa = PBXFileReference; lastKnownFileType = sourcecode.swift; path = CoreDataManager.swift; sourceTree = "<group>"; };
		ED562BDF27F79FC4002AE1B5 /* LandingView.swift */ = {isa = PBXFileReference; lastKnownFileType = sourcecode.swift; path = LandingView.swift; sourceTree = "<group>"; };
		ED562BE127F7A560002AE1B5 /* ElectronicsHomeView.swift */ = {isa = PBXFileReference; lastKnownFileType = sourcecode.swift; path = ElectronicsHomeView.swift; sourceTree = "<group>"; };
		ED562BE327F7A6EF002AE1B5 /* Product.swift */ = {isa = PBXFileReference; lastKnownFileType = sourcecode.swift; path = Product.swift; sourceTree = "<group>"; };
		ED562BE527F7A720002AE1B5 /* ElectronicsViewModel.swift */ = {isa = PBXFileReference; lastKnownFileType = sourcecode.swift; path = ElectronicsViewModel.swift; sourceTree = "<group>"; };
		ED562BE727F7A781002AE1B5 /* BaseElectronics.swift */ = {isa = PBXFileReference; lastKnownFileType = sourcecode.swift; path = BaseElectronics.swift; sourceTree = "<group>"; };
/* End PBXFileReference section */

/* Begin PBXFrameworksBuildPhase section */
		ED562BB827F395CA002AE1B5 /* Frameworks */ = {
			isa = PBXFrameworksBuildPhase;
			buildActionMask = 2147483647;
			files = (
			);
			runOnlyForDeploymentPostprocessing = 0;
		};
/* End PBXFrameworksBuildPhase section */

/* Begin PBXGroup section */
		ED562BB227F395CA002AE1B5 = {
			isa = PBXGroup;
			children = (
				ED562BBD27F395CA002AE1B5 /* CoreDataFundamentals */,
				ED562BBC27F395CA002AE1B5 /* Products */,
			);
			sourceTree = "<group>";
		};
		ED562BBC27F395CA002AE1B5 /* Products */ = {
			isa = PBXGroup;
			children = (
				ED562BBB27F395CA002AE1B5 /* CoreDataFundamentals.app */,
			);
			name = Products;
			sourceTree = "<group>";
		};
		ED562BBD27F395CA002AE1B5 /* CoreDataFundamentals */ = {
			isa = PBXGroup;
			children = (
				ED562BDC27F7965E002AE1B5 /* CoreDataManager */,
				ED562BCF27F792A5002AE1B5 /* Model */,
				ED562BD027F792AC002AE1B5 /* Views */,
				ED562BD127F792B2002AE1B5 /* ViewModel */,
				ED562BD927F7953C002AE1B5 /* Protocal */,
				ED562BD627F7933F002AE1B5 /* Extension */,
				ED562BBE27F395CA002AE1B5 /* MainApp.swift */,
				ED562BC227F395CC002AE1B5 /* Assets.xcassets */,
				ED562BC427F395CC002AE1B5 /* Preview Content */,
				ED562BCC27F4EE96002AE1B5 /* CoreDataContainer.xcdatamodeld */,
			);
			path = CoreDataFundamentals;
			sourceTree = "<group>";
		};
		ED562BC427F395CC002AE1B5 /* Preview Content */ = {
			isa = PBXGroup;
			children = (
				ED562BC527F395CC002AE1B5 /* Preview Assets.xcassets */,
			);
			path = "Preview Content";
			sourceTree = "<group>";
		};
		ED562BCF27F792A5002AE1B5 /* Model */ = {
			isa = PBXGroup;
			children = (
				ED562BD427F79314002AE1B5 /* Fruit.swift */,
				ED562BE327F7A6EF002AE1B5 /* Product.swift */,
			);
			path = Model;
			sourceTree = "<group>";
		};
		ED562BD027F792AC002AE1B5 /* Views */ = {
			isa = PBXGroup;
			children = (
				ED562BC027F395CA002AE1B5 /* FruitsHomeView.swift */,
				ED562BDF27F79FC4002AE1B5 /* LandingView.swift */,
				ED562BE127F7A560002AE1B5 /* ElectronicsHomeView.swift */,
			);
			path = Views;
			sourceTree = "<group>";
		};
		ED562BD127F792B2002AE1B5 /* ViewModel */ = {
			isa = PBXGroup;
			children = (
				ED562BD227F792D4002AE1B5 /* FruitsViewModel.swift */,
				ED562BE527F7A720002AE1B5 /* ElectronicsViewModel.swift */,
			);
			path = ViewModel;
			sourceTree = "<group>";
		};
		ED562BD627F7933F002AE1B5 /* Extension */ = {
			isa = PBXGroup;
			children = (
				ED562BD727F7935E002AE1B5 /* Extension.swift */,
			);
			path = Extension;
			sourceTree = "<group>";
		};
		ED562BD927F7953C002AE1B5 /* Protocal */ = {
			isa = PBXGroup;
			children = (
				ED562BDA27F7956C002AE1B5 /* BaseFruits.swift */,
				ED562BE727F7A781002AE1B5 /* BaseElectronics.swift */,
			);
			path = Protocal;
			sourceTree = "<group>";
		};
		ED562BDC27F7965E002AE1B5 /* CoreDataManager */ = {
			isa = PBXGroup;
			children = (
				ED562BDD27F7967D002AE1B5 /* CoreDataManager.swift */,
			);
			path = CoreDataManager;
			sourceTree = "<group>";
		};
/* End PBXGroup section */

/* Begin PBXNativeTarget section */
		ED562BBA27F395CA002AE1B5 /* CoreDataFundamentals */ = {
			isa = PBXNativeTarget;
			buildConfigurationList = ED562BC927F395CC002AE1B5 /* Build configuration list for PBXNativeTarget "CoreDataFundamentals" */;
			buildPhases = (
				ED562BB727F395CA002AE1B5 /* Sources */,
				ED562BB827F395CA002AE1B5 /* Frameworks */,
				ED562BB927F395CA002AE1B5 /* Resources */,
			);
			buildRules = (
			);
			dependencies = (
			);
			name = CoreDataFundamentals;
			productName = CoreDataFundamentals;
			productReference = ED562BBB27F395CA002AE1B5 /* CoreDataFundamentals.app */;
			productType = "com.apple.product-type.application";
		};
/* End PBXNativeTarget section */

/* Begin PBXProject section */
		ED562BB327F395CA002AE1B5 /* Project object */ = {
			isa = PBXProject;
			attributes = {
				BuildIndependentTargetsInParallel = 1;
				LastSwiftUpdateCheck = 1330;
				LastUpgradeCheck = 1330;
				TargetAttributes = {
					ED562BBA27F395CA002AE1B5 = {
						CreatedOnToolsVersion = 13.3;
					};
				};
			};
			buildConfigurationList = ED562BB627F395CA002AE1B5 /* Build configuration list for PBXProject "CoreDataFundamentals" */;
			compatibilityVersion = "Xcode 13.0";
			developmentRegion = en;
			hasScannedForEncodings = 0;
			knownRegions = (
				en,
				Base,
			);
			mainGroup = ED562BB227F395CA002AE1B5;
			productRefGroup = ED562BBC27F395CA002AE1B5 /* Products */;
			projectDirPath = "";
			projectRoot = "";
			targets = (
				ED562BBA27F395CA002AE1B5 /* CoreDataFundamentals */,
			);
		};
/* End PBXProject section */

/* Begin PBXResourcesBuildPhase section */
		ED562BB927F395CA002AE1B5 /* Resources */ = {
			isa = PBXResourcesBuildPhase;
			buildActionMask = 2147483647;
			files = (
				ED562BC627F395CC002AE1B5 /* Preview Assets.xcassets in Resources */,
				ED562BC327F395CC002AE1B5 /* Assets.xcassets in Resources */,
			);
			runOnlyForDeploymentPostprocessing = 0;
		};
/* End PBXResourcesBuildPhase section */

/* Begin PBXSourcesBuildPhase section */
		ED562BB727F395CA002AE1B5 /* Sources */ = {
			isa = PBXSourcesBuildPhase;
			buildActionMask = 2147483647;
			files = (
				ED562BE027F79FC4002AE1B5 /* LandingView.swift in Sources */,
				ED562BE827F7A781002AE1B5 /* BaseElectronics.swift in Sources */,
				ED562BD527F79314002AE1B5 /* Fruit.swift in Sources */,
				ED562BCE27F4EE96002AE1B5 /* CoreDataContainer.xcdatamodeld in Sources */,
				ED562BD327F792D4002AE1B5 /* FruitsViewModel.swift in Sources */,
				ED562BE627F7A720002AE1B5 /* ElectronicsViewModel.swift in Sources */,
				ED562BD827F7935E002AE1B5 /* Extension.swift in Sources */,
				ED562BE427F7A6EF002AE1B5 /* Product.swift in Sources */,
				ED562BE227F7A560002AE1B5 /* ElectronicsHomeView.swift in Sources */,
				ED562BC127F395CA002AE1B5 /* FruitsHomeView.swift in Sources */,
				ED562BDB27F7956C002AE1B5 /* BaseFruits.swift in Sources */,
				ED562BDE27F7967D002AE1B5 /* CoreDataManager.swift in Sources */,
				ED562BBF27F395CA002AE1B5 /* MainApp.swift in Sources */,
			);
			runOnlyForDeploymentPostprocessing = 0;
		};
/* End PBXSourcesBuildPhase section */

/* Begin XCBuildConfiguration section */
		ED562BC727F395CC002AE1B5 /* Debug */ = {
			isa = XCBuildConfiguration;
			buildSettings = {
				ALWAYS_SEARCH_USER_PATHS = NO;
				CLANG_ANALYZER_NONNULL = YES;
				CLANG_ANALYZER_NUMBER_OBJECT_CONVERSION = YES_AGGRESSIVE;
				CLANG_CXX_LANGUAGE_STANDARD = "gnu++17";
				CLANG_ENABLE_MODULES = YES;
				CLANG_ENABLE_OBJC_ARC = YES;
				CLANG_ENABLE_OBJC_WEAK = YES;
				CLANG_WARN_BLOCK_CAPTURE_AUTORELEASING = YES;
				CLANG_WARN_BOOL_CONVERSION = YES;
				CLANG_WARN_COMMA = YES;
				CLANG_WARN_CONSTANT_CONVERSION = YES;
				CLANG_WARN_DEPRECATED_OBJC_IMPLEMENTATIONS = YES;
				CLANG_WARN_DIRECT_OBJC_ISA_USAGE = YES_ERROR;
				CLANG_WARN_DOCUMENTATION_COMMENTS = YES;
				CLANG_WARN_EMPTY_BODY = YES;
				CLANG_WARN_ENUM_CONVERSION = YES;
				CLANG_WARN_INFINITE_RECURSION = YES;
				CLANG_WARN_INT_CONVERSION = YES;
				CLANG_WARN_NON_LITERAL_NULL_CONVERSION = YES;
				CLANG_WARN_OBJC_IMPLICIT_RETAIN_SELF = YES;
				CLANG_WARN_OBJC_LITERAL_CONVERSION = YES;
				CLANG_WARN_OBJC_ROOT_CLASS = YES_ERROR;
				CLANG_WARN_QUOTED_INCLUDE_IN_FRAMEWORK_HEADER = YES;
				CLANG_WARN_RANGE_LOOP_ANALYSIS = YES;
				CLANG_WARN_STRICT_PROTOTYPES = YES;
				CLANG_WARN_SUSPICIOUS_MOVE = YES;
				CLANG_WARN_UNGUARDED_AVAILABILITY = YES_AGGRESSIVE;
				CLANG_WARN_UNREACHABLE_CODE = YES;
				CLANG_WARN__DUPLICATE_METHOD_MATCH = YES;
				COPY_PHASE_STRIP = NO;
				DEBUG_INFORMATION_FORMAT = dwarf;
				ENABLE_STRICT_OBJC_MSGSEND = YES;
				ENABLE_TESTABILITY = YES;
				GCC_C_LANGUAGE_STANDARD = gnu11;
				GCC_DYNAMIC_NO_PIC = NO;
				GCC_NO_COMMON_BLOCKS = YES;
				GCC_OPTIMIZATION_LEVEL = 0;
				GCC_PREPROCESSOR_DEFINITIONS = (
					"DEBUG=1",
					"$(inherited)",
				);
				GCC_WARN_64_TO_32_BIT_CONVERSION = YES;
				GCC_WARN_ABOUT_RETURN_TYPE = YES_ERROR;
				GCC_WARN_UNDECLARED_SELECTOR = YES;
				GCC_WARN_UNINITIALIZED_AUTOS = YES_AGGRESSIVE;
				GCC_WARN_UNUSED_FUNCTION = YES;
				GCC_WARN_UNUSED_VARIABLE = YES;
				IPHONEOS_DEPLOYMENT_TARGET = 15.4;
				MTL_ENABLE_DEBUG_INFO = INCLUDE_SOURCE;
				MTL_FAST_MATH = YES;
				ONLY_ACTIVE_ARCH = YES;
				SDKROOT = iphoneos;
				SWIFT_ACTIVE_COMPILATION_CONDITIONS = DEBUG;
				SWIFT_OPTIMIZATION_LEVEL = "-Onone";
			};
			name = Debug;
		};
		ED562BC827F395CC002AE1B5 /* Release */ = {
			isa = XCBuildConfiguration;
			buildSettings = {
				ALWAYS_SEARCH_USER_PATHS = NO;
				CLANG_ANALYZER_NONNULL = YES;
				CLANG_ANALYZER_NUMBER_OBJECT_CONVERSION = YES_AGGRESSIVE;
				CLANG_CXX_LANGUAGE_STANDARD = "gnu++17";
				CLANG_ENABLE_MODULES = YES;
				CLANG_ENABLE_OBJC_ARC = YES;
				CLANG_ENABLE_OBJC_WEAK = YES;
				CLANG_WARN_BLOCK_CAPTURE_AUTORELEASING = YES;
				CLANG_WARN_BOOL_CONVERSION = YES;
				CLANG_WARN_COMMA = YES;
				CLANG_WARN_CONSTANT_CONVERSION = YES;
				CLANG_WARN_DEPRECATED_OBJC_IMPLEMENTATIONS = YES;
				CLANG_WARN_DIRECT_OBJC_ISA_USAGE = YES_ERROR;
				CLANG_WARN_DOCUMENTATION_COMMENTS = YES;
				CLANG_WARN_EMPTY_BODY = YES;
				CLANG_WARN_ENUM_CONVERSION = YES;
				CLANG_WARN_INFINITE_RECURSION = YES;
				CLANG_WARN_INT_CONVERSION = YES;
				CLANG_WARN_NON_LITERAL_NULL_CONVERSION = YES;
				CLANG_WARN_OBJC_IMPLICIT_RETAIN_SELF = YES;
				CLANG_WARN_OBJC_LITERAL_CONVERSION = YES;
				CLANG_WARN_OBJC_ROOT_CLASS = YES_ERROR;
				CLANG_WARN_QUOTED_INCLUDE_IN_FRAMEWORK_HEADER = YES;
				CLANG_WARN_RANGE_LOOP_ANALYSIS = YES;
				CLANG_WARN_STRICT_PROTOTYPES = YES;
				CLANG_WARN_SUSPICIOUS_MOVE = YES;
				CLANG_WARN_UNGUARDED_AVAILABILITY = YES_AGGRESSIVE;
				CLANG_WARN_UNREACHABLE_CODE = YES;
				CLANG_WARN__DUPLICATE_METHOD_MATCH = YES;
				COPY_PHASE_STRIP = NO;
				DEBUG_INFORMATION_FORMAT = "dwarf-with-dsym";
				ENABLE_NS_ASSERTIONS = NO;
				ENABLE_STRICT_OBJC_MSGSEND = YES;
				GCC_C_LANGUAGE_STANDARD = gnu11;
				GCC_NO_COMMON_BLOCKS = YES;
				GCC_WARN_64_TO_32_BIT_CONVERSION = YES;
				GCC_WARN_ABOUT_RETURN_TYPE = YES_ERROR;
				GCC_WARN_UNDECLARED_SELECTOR = YES;
				GCC_WARN_UNINITIALIZED_AUTOS = YES_AGGRESSIVE;
				GCC_WARN_UNUSED_FUNCTION = YES;
				GCC_WARN_UNUSED_VARIABLE = YES;
				IPHONEOS_DEPLOYMENT_TARGET = 15.4;
				MTL_ENABLE_DEBUG_INFO = NO;
				MTL_FAST_MATH = YES;
				SDKROOT = iphoneos;
				SWIFT_COMPILATION_MODE = wholemodule;
				SWIFT_OPTIMIZATION_LEVEL = "-O";
				VALIDATE_PRODUCT = YES;
			};
			name = Release;
		};
		ED562BCA27F395CC002AE1B5 /* Debug */ = {
			isa = XCBuildConfiguration;
			buildSettings = {
				ASSETCATALOG_COMPILER_APPICON_NAME = AppIcon;
				ASSETCATALOG_COMPILER_GLOBAL_ACCENT_COLOR_NAME = AccentColor;
				CODE_SIGN_STYLE = Automatic;
				CURRENT_PROJECT_VERSION = 1;
				DEVELOPMENT_ASSET_PATHS = "\"CoreDataFundamentals/Preview Content\"";
				DEVELOPMENT_TEAM = 83L8TX8R2Q;
				ENABLE_PREVIEWS = YES;
				GENERATE_INFOPLIST_FILE = YES;
				INFOPLIST_KEY_UIApplicationSceneManifest_Generation = YES;
				INFOPLIST_KEY_UIApplicationSupportsIndirectInputEvents = YES;
				INFOPLIST_KEY_UILaunchScreen_Generation = YES;
				INFOPLIST_KEY_UISupportedInterfaceOrientations_iPad = "UIInterfaceOrientationPortrait UIInterfaceOrientationPortraitUpsideDown UIInterfaceOrientationLandscapeLeft UIInterfaceOrientationLandscapeRight";
				INFOPLIST_KEY_UISupportedInterfaceOrientations_iPhone = "UIInterfaceOrientationPortrait UIInterfaceOrientationLandscapeLeft UIInterfaceOrientationLandscapeRight";
				LD_RUNPATH_SEARCH_PATHS = (
					"$(inherited)",
					"@executable_path/Frameworks",
				);
				MARKETING_VERSION = 1.0;
				PRODUCT_BUNDLE_IDENTIFIER = "procoder-ab.Networking.CoreDataFundamentals";
				PRODUCT_NAME = "$(TARGET_NAME)";
				SWIFT_EMIT_LOC_STRINGS = YES;
				SWIFT_VERSION = 5.0;
				TARGETED_DEVICE_FAMILY = "1,2";
			};
			name = Debug;
		};
		ED562BCB27F395CC002AE1B5 /* Release */ = {
			isa = XCBuildConfiguration;
			buildSettings = {
				ASSETCATALOG_COMPILER_APPICON_NAME = AppIcon;
				ASSETCATALOG_COMPILER_GLOBAL_ACCENT_COLOR_NAME = AccentColor;
				CODE_SIGN_STYLE = Automatic;
				CURRENT_PROJECT_VERSION = 1;
				DEVELOPMENT_ASSET_PATHS = "\"CoreDataFundamentals/Preview Content\"";
				DEVELOPMENT_TEAM = 83L8TX8R2Q;
				ENABLE_PREVIEWS = YES;
				GENERATE_INFOPLIST_FILE = YES;
				INFOPLIST_KEY_UIApplicationSceneManifest_Generation = YES;
				INFOPLIST_KEY_UIApplicationSupportsIndirectInputEvents = YES;
				INFOPLIST_KEY_UILaunchScreen_Generation = YES;
				INFOPLIST_KEY_UISupportedInterfaceOrientations_iPad = "UIInterfaceOrientationPortrait UIInterfaceOrientationPortraitUpsideDown UIInterfaceOrientationLandscapeLeft UIInterfaceOrientationLandscapeRight";
				INFOPLIST_KEY_UISupportedInterfaceOrientations_iPhone = "UIInterfaceOrientationPortrait UIInterfaceOrientationLandscapeLeft UIInterfaceOrientationLandscapeRight";
				LD_RUNPATH_SEARCH_PATHS = (
					"$(inherited)",
					"@executable_path/Frameworks",
				);
				MARKETING_VERSION = 1.0;
				PRODUCT_BUNDLE_IDENTIFIER = "procoder-ab.Networking.CoreDataFundamentals";
				PRODUCT_NAME = "$(TARGET_NAME)";
				SWIFT_EMIT_LOC_STRINGS = YES;
				SWIFT_VERSION = 5.0;
				TARGETED_DEVICE_FAMILY = "1,2";
			};
			name = Release;
		};
/* End XCBuildConfiguration section */

/* Begin XCConfigurationList section */
		ED562BB627F395CA002AE1B5 /* Build configuration list for PBXProject "CoreDataFundamentals" */ = {
			isa = XCConfigurationList;
			buildConfigurations = (
				ED562BC727F395CC002AE1B5 /* Debug */,
				ED562BC827F395CC002AE1B5 /* Release */,
			);
			defaultConfigurationIsVisible = 0;
			defaultConfigurationName = Release;
		};
		ED562BC927F395CC002AE1B5 /* Build configuration list for PBXNativeTarget "CoreDataFundamentals" */ = {
			isa = XCConfigurationList;
			buildConfigurations = (
				ED562BCA27F395CC002AE1B5 /* Debug */,
				ED562BCB27F395CC002AE1B5 /* Release */,
			);
			defaultConfigurationIsVisible = 0;
			defaultConfigurationName = Release;
		};
/* End XCConfigurationList section */

/* Begin XCVersionGroup section */
		ED562BCC27F4EE96002AE1B5 /* CoreDataContainer.xcdatamodeld */ = {
			isa = XCVersionGroup;
			children = (
				ED562BCD27F4EE96002AE1B5 /* FruitsContainer.xcdatamodel */,
			);
			currentVersion = ED562BCD27F4EE96002AE1B5 /* FruitsContainer.xcdatamodel */;
			path = CoreDataContainer.xcdatamodeld;
			sourceTree = "<group>";
			versionGroupType = wrapper.xcdatamodel;
		};
/* End XCVersionGroup section */
	};
	rootObject = ED562BB327F395CA002AE1B5 /* Project object */;
}
